
Microsoft Visual Studio Solution File, Format Version 12.00
# Visual Studio Version 17
VisualStudioVersion = 17.2.32616.157
MinimumVisualStudioVersion = 10.0.40219.1
Project("{FAE04EC0-301F-11D3-BF4B-00C04F79EFBC}") = "Üç giriş haklı login denemesi", "Üç giriş haklı login denemesi\Üç giriş haklı login denemesi.csproj", "{A988A11B-213D-4ED9-893F-07FC8FBAB91F}"
EndProject
Global
	GlobalSection(SolutionConfigurationPlatforms) = preSolution
		Debug|Any CPU = Debug|Any CPU
		Release|Any CPU = Release|Any CPU
	EndGlobalSection
	GlobalSection(ProjectConfigurationPlatforms) = postSolution
		{A988A11B-213D-4ED9-893F-07FC8FBAB91F}.Debug|Any CPU.ActiveCfg = Debug|Any CPU
		{A988A11B-213D-4ED9-893F-07FC8FBAB91F}.Debug|Any CPU.Build.0 = Debug|Any CPU
		{A988A11B-213D-4ED9-893F-07FC8FBAB91F}.Release|Any CPU.ActiveCfg = Release|Any CPU
		{A988A11B-213D-4ED9-893F-07FC8FBAB91F}.Release|Any CPU.Build.0 = Release|Any CPU
	EndGlobalSection
	GlobalSection(SolutionProperties) = preSolution
		HideSolutionNode = FALSE
	EndGlobalSection
	GlobalSection(ExtensibilityGlobals) = postSolution
		SolutionGuid = {FABC3FF0-5639-4A10-B543-49D9A206748E}
	EndGlobalSection
EndGlobal
